// !$*UTF8*$!
{
	archiveVersion = 1;
	classes = {
	};
	objectVersion = 50;
	objects = {

/* Begin PBXBuildFile section */
		87A4DED823EA93D300AAC5D9 /* Teacher.storyboard in Resources */ = {isa = PBXBuildFile; fileRef = 87A4DED723EA93D300AAC5D9 /* Teacher.storyboard */; };
		87A4DEDA23EA94D300AAC5D9 /* Student.storyboard in Resources */ = {isa = PBXBuildFile; fileRef = 87A4DED923EA94D300AAC5D9 /* Student.storyboard */; };
		87A4DEE223EAA9E600AAC5D9 /* RandomString.swift in Sources */ = {isa = PBXBuildFile; fileRef = 87A4DEE123EAA9E600AAC5D9 /* RandomString.swift */; };
		87B9556123E80C3C00BFD671 /* AppDelegate.swift in Sources */ = {isa = PBXBuildFile; fileRef = 87B9556023E80C3C00BFD671 /* AppDelegate.swift */; };
		87B9556323E80C3C00BFD671 /* SceneDelegate.swift in Sources */ = {isa = PBXBuildFile; fileRef = 87B9556223E80C3C00BFD671 /* SceneDelegate.swift */; };
		87B9556523E80C3C00BFD671 /* ViewController.swift in Sources */ = {isa = PBXBuildFile; fileRef = 87B9556423E80C3C00BFD671 /* ViewController.swift */; };
		87B9556823E80C3C00BFD671 /* Main.storyboard in Resources */ = {isa = PBXBuildFile; fileRef = 87B9556623E80C3C00BFD671 /* Main.storyboard */; };
		87B9556B23E80C3C00BFD671 /* AttendenceApp.xcdatamodeld in Sources */ = {isa = PBXBuildFile; fileRef = 87B9556923E80C3C00BFD671 /* AttendenceApp.xcdatamodeld */; };
		87B9556D23E80C3D00BFD671 /* Assets.xcassets in Resources */ = {isa = PBXBuildFile; fileRef = 87B9556C23E80C3D00BFD671 /* Assets.xcassets */; };
		87B9557023E80C3D00BFD671 /* LaunchScreen.storyboard in Resources */ = {isa = PBXBuildFile; fileRef = 87B9556E23E80C3D00BFD671 /* LaunchScreen.storyboard */; };
		87C2774223EBF9370022299F /* ShowTimetableViewController.swift in Sources */ = {isa = PBXBuildFile; fileRef = 87C2774123EBF9370022299F /* ShowTimetableViewController.swift */; };
		87C2774423EBFC010022299F /* LessonController.swift in Sources */ = {isa = PBXBuildFile; fileRef = 87C2774323EBFC010022299F /* LessonController.swift */; };
		87C640AD23EAB61500CD75A8 /* Admin.storyboard in Resources */ = {isa = PBXBuildFile; fileRef = 87C640AC23EAB61500CD75A8 /* Admin.storyboard */; };
		87E4A3DA23EAB0EC0059A875 /* Student.swift in Sources */ = {isa = PBXBuildFile; fileRef = 87E4A3D923EAB0EC0059A875 /* Student.swift */; };
		87E4A3DC23EAB0F50059A875 /* Mentor.swift in Sources */ = {isa = PBXBuildFile; fileRef = 87E4A3DB23EAB0F50059A875 /* Mentor.swift */; };
		E85F8BF223EABC4000E89660 /* Lesson.swift in Sources */ = {isa = PBXBuildFile; fileRef = E85F8BF123EABC4000E89660 /* Lesson.swift */; };
		E85F8BF623EABD2300E89660 /* AdminController.swift in Sources */ = {isa = PBXBuildFile; fileRef = E85F8BF523EABD2300E89660 /* AdminController.swift */; };
		E85F8BF823EAC4BA00E89660 /* AdminViewController.swift in Sources */ = {isa = PBXBuildFile; fileRef = E85F8BF723EAC4BA00E89660 /* AdminViewController.swift */; };
		E85F8BFA23EAC4E400E89660 /* AddStudentViewController.swift in Sources */ = {isa = PBXBuildFile; fileRef = E85F8BF923EAC4E400E89660 /* AddStudentViewController.swift */; };
		E85F8BFC23EAC4F400E89660 /* AddMentorViewController.swift in Sources */ = {isa = PBXBuildFile; fileRef = E85F8BFB23EAC4F400E89660 /* AddMentorViewController.swift */; };
/* End PBXBuildFile section */

/* Begin PBXFileReference section */
		87A4DED723EA93D300AAC5D9 /* Teacher.storyboard */ = {isa = PBXFileReference; lastKnownFileType = file.storyboard; path = Teacher.storyboard; sourceTree = "<group>"; };
		87A4DED923EA94D300AAC5D9 /* Student.storyboard */ = {isa = PBXFileReference; lastKnownFileType = file.storyboard; path = Student.storyboard; sourceTree = "<group>"; };
		87A4DEE123EAA9E600AAC5D9 /* RandomString.swift */ = {isa = PBXFileReference; lastKnownFileType = sourcecode.swift; path = RandomString.swift; sourceTree = "<group>"; };
		87B9555D23E80C3C00BFD671 /* myAttendance.app */ = {isa = PBXFileReference; explicitFileType = wrapper.application; includeInIndex = 0; path = myAttendance.app; sourceTree = BUILT_PRODUCTS_DIR; };
		87B9556023E80C3C00BFD671 /* AppDelegate.swift */ = {isa = PBXFileReference; lastKnownFileType = sourcecode.swift; path = AppDelegate.swift; sourceTree = "<group>"; };
		87B9556223E80C3C00BFD671 /* SceneDelegate.swift */ = {isa = PBXFileReference; lastKnownFileType = sourcecode.swift; path = SceneDelegate.swift; sourceTree = "<group>"; };
		87B9556423E80C3C00BFD671 /* ViewController.swift */ = {isa = PBXFileReference; lastKnownFileType = sourcecode.swift; path = ViewController.swift; sourceTree = "<group>"; };
		87B9556723E80C3C00BFD671 /* Base */ = {isa = PBXFileReference; lastKnownFileType = file.storyboard; name = Base; path = Base.lproj/Main.storyboard; sourceTree = "<group>"; };
		87B9556A23E80C3C00BFD671 /* AttendenceApp.xcdatamodel */ = {isa = PBXFileReference; lastKnownFileType = wrapper.xcdatamodel; path = AttendenceApp.xcdatamodel; sourceTree = "<group>"; };
		87B9556C23E80C3D00BFD671 /* Assets.xcassets */ = {isa = PBXFileReference; lastKnownFileType = folder.assetcatalog; path = Assets.xcassets; sourceTree = "<group>"; };
		87B9556F23E80C3D00BFD671 /* Base */ = {isa = PBXFileReference; lastKnownFileType = file.storyboard; name = Base; path = Base.lproj/LaunchScreen.storyboard; sourceTree = "<group>"; };
		87B9557123E80C3D00BFD671 /* Info.plist */ = {isa = PBXFileReference; lastKnownFileType = text.plist.xml; path = Info.plist; sourceTree = "<group>"; };
		87C2774123EBF9370022299F /* ShowTimetableViewController.swift */ = {isa = PBXFileReference; lastKnownFileType = sourcecode.swift; path = ShowTimetableViewController.swift; sourceTree = "<group>"; };
		87C2774323EBFC010022299F /* LessonController.swift */ = {isa = PBXFileReference; lastKnownFileType = sourcecode.swift; path = LessonController.swift; sourceTree = "<group>"; };
		87C640AC23EAB61500CD75A8 /* Admin.storyboard */ = {isa = PBXFileReference; lastKnownFileType = file.storyboard; path = Admin.storyboard; sourceTree = "<group>"; };
		87E4A3D923EAB0EC0059A875 /* Student.swift */ = {isa = PBXFileReference; lastKnownFileType = sourcecode.swift; path = Student.swift; sourceTree = "<group>"; };
		87E4A3DB23EAB0F50059A875 /* Mentor.swift */ = {isa = PBXFileReference; lastKnownFileType = sourcecode.swift; path = Mentor.swift; sourceTree = "<group>"; };
		E85F8BF123EABC4000E89660 /* Lesson.swift */ = {isa = PBXFileReference; lastKnownFileType = sourcecode.swift; path = Lesson.swift; sourceTree = "<group>"; };
		E85F8BF523EABD2300E89660 /* AdminController.swift */ = {isa = PBXFileReference; lastKnownFileType = sourcecode.swift; path = AdminController.swift; sourceTree = "<group>"; };
		E85F8BF723EAC4BA00E89660 /* AdminViewController.swift */ = {isa = PBXFileReference; lastKnownFileType = sourcecode.swift; path = AdminViewController.swift; sourceTree = "<group>"; };
		E85F8BF923EAC4E400E89660 /* AddStudentViewController.swift */ = {isa = PBXFileReference; lastKnownFileType = sourcecode.swift; path = AddStudentViewController.swift; sourceTree = "<group>"; };
		E85F8BFB23EAC4F400E89660 /* AddMentorViewController.swift */ = {isa = PBXFileReference; lastKnownFileType = sourcecode.swift; path = AddMentorViewController.swift; sourceTree = "<group>"; };
/* End PBXFileReference section */

/* Begin PBXFrameworksBuildPhase section */
		87B9555A23E80C3C00BFD671 /* Frameworks */ = {
			isa = PBXFrameworksBuildPhase;
			buildActionMask = 2147483647;
			files = (
			);
			runOnlyForDeploymentPostprocessing = 0;
		};
/* End PBXFrameworksBuildPhase section */

/* Begin PBXGroup section */
		87B9555423E80C3C00BFD671 = {
			isa = PBXGroup;
			children = (
				87B9555F23E80C3C00BFD671 /* AttendenceApp */,
				87B9555E23E80C3C00BFD671 /* Products */,
			);
			sourceTree = "<group>";
		};
		87B9555E23E80C3C00BFD671 /* Products */ = {
			isa = PBXGroup;
			children = (
				87B9555D23E80C3C00BFD671 /* myAttendance.app */,
			);
			name = Products;
			sourceTree = "<group>";
		};
		87B9555F23E80C3C00BFD671 /* AttendenceApp */ = {
			isa = PBXGroup;
			children = (
				87B9556023E80C3C00BFD671 /* AppDelegate.swift */,
				87B9556223E80C3C00BFD671 /* SceneDelegate.swift */,
				87B9556423E80C3C00BFD671 /* ViewController.swift */,
				87B9556623E80C3C00BFD671 /* Main.storyboard */,
				87B9556C23E80C3D00BFD671 /* Assets.xcassets */,
				87B9556E23E80C3D00BFD671 /* LaunchScreen.storyboard */,
				87B9557123E80C3D00BFD671 /* Info.plist */,
				87B9556923E80C3C00BFD671 /* AttendenceApp.xcdatamodeld */,
				87A4DED723EA93D300AAC5D9 /* Teacher.storyboard */,
				87A4DED923EA94D300AAC5D9 /* Student.storyboard */,
				87A4DEE123EAA9E600AAC5D9 /* RandomString.swift */,
				87E4A3D923EAB0EC0059A875 /* Student.swift */,
				87E4A3DB23EAB0F50059A875 /* Mentor.swift */,
				87C640AC23EAB61500CD75A8 /* Admin.storyboard */,
				E85F8BF123EABC4000E89660 /* Lesson.swift */,
				E85F8BF523EABD2300E89660 /* AdminController.swift */,
				E85F8BF723EAC4BA00E89660 /* AdminViewController.swift */,
				E85F8BF923EAC4E400E89660 /* AddStudentViewController.swift */,
				E85F8BFB23EAC4F400E89660 /* AddMentorViewController.swift */,
				87C2774123EBF9370022299F /* ShowTimetableViewController.swift */,
				87C2774323EBFC010022299F /* LessonController.swift */,
			);
			path = AttendenceApp;
			sourceTree = "<group>";
		};
/* End PBXGroup section */

/* Begin PBXNativeTarget section */
		87B9555C23E80C3C00BFD671 /* AttendenceApp */ = {
			isa = PBXNativeTarget;
			buildConfigurationList = 87B9557423E80C3D00BFD671 /* Build configuration list for PBXNativeTarget "AttendenceApp" */;
			buildPhases = (
				87B9555923E80C3C00BFD671 /* Sources */,
				87B9555A23E80C3C00BFD671 /* Frameworks */,
				87B9555B23E80C3C00BFD671 /* Resources */,
			);
			buildRules = (
			);
			dependencies = (
			);
			name = AttendenceApp;
			productName = AttendenceApp;
			productReference = 87B9555D23E80C3C00BFD671 /* myAttendance.app */;
			productType = "com.apple.product-type.application";
		};
/* End PBXNativeTarget section */

/* Begin PBXProject section */
		87B9555523E80C3C00BFD671 /* Project object */ = {
			isa = PBXProject;
			attributes = {
				LastSwiftUpdateCheck = 1100;
				LastUpgradeCheck = 1100;
				ORGANIZATIONNAME = MAD2_P02;
				TargetAttributes = {
					87B9555C23E80C3C00BFD671 = {
						CreatedOnToolsVersion = 11.0;
					};
				};
			};
			buildConfigurationList = 87B9555823E80C3C00BFD671 /* Build configuration list for PBXProject "AttendenceApp" */;
			compatibilityVersion = "Xcode 9.3";
			developmentRegion = en;
			hasScannedForEncodings = 0;
			knownRegions = (
				en,
				Base,
			);
			mainGroup = 87B9555423E80C3C00BFD671;
			productRefGroup = 87B9555E23E80C3C00BFD671 /* Products */;
			projectDirPath = "";
			projectRoot = "";
			targets = (
				87B9555C23E80C3C00BFD671 /* AttendenceApp */,
			);
		};
/* End PBXProject section */

/* Begin PBXResourcesBuildPhase section */
		87B9555B23E80C3C00BFD671 /* Resources */ = {
			isa = PBXResourcesBuildPhase;
			buildActionMask = 2147483647;
			files = (
				87B9557023E80C3D00BFD671 /* LaunchScreen.storyboard in Resources */,
				87A4DED823EA93D300AAC5D9 /* Teacher.storyboard in Resources */,
				87B9556D23E80C3D00BFD671 /* Assets.xcassets in Resources */,
				87B9556823E80C3C00BFD671 /* Main.storyboard in Resources */,
				87C640AD23EAB61500CD75A8 /* Admin.storyboard in Resources */,
				87A4DEDA23EA94D300AAC5D9 /* Student.storyboard in Resources */,
			);
			runOnlyForDeploymentPostprocessing = 0;
		};
/* End PBXResourcesBuildPhase section */

/* Begin PBXSourcesBuildPhase section */
		87B9555923E80C3C00BFD671 /* Sources */ = {
			isa = PBXSourcesBuildPhase;
			buildActionMask = 2147483647;
			files = (
				87B9556523E80C3C00BFD671 /* ViewController.swift in Sources */,
				E85F8BFC23EAC4F400E89660 /* AddMentorViewController.swift in Sources */,
				E85F8BF623EABD2300E89660 /* AdminController.swift in Sources */,
				87E4A3DA23EAB0EC0059A875 /* Student.swift in Sources */,
				87A4DEE223EAA9E600AAC5D9 /* RandomString.swift in Sources */,
				E85F8BF223EABC4000E89660 /* Lesson.swift in Sources */,
				87C2774223EBF9370022299F /* ShowTimetableViewController.swift in Sources */,
				87B9556123E80C3C00BFD671 /* AppDelegate.swift in Sources */,
				87B9556B23E80C3C00BFD671 /* AttendenceApp.xcdatamodeld in Sources */,
				87E4A3DC23EAB0F50059A875 /* Mentor.swift in Sources */,
				E85F8BF823EAC4BA00E89660 /* AdminViewController.swift in Sources */,
				87C2774423EBFC010022299F /* LessonController.swift in Sources */,
				E85F8BFA23EAC4E400E89660 /* AddStudentViewController.swift in Sources */,
				87B9556323E80C3C00BFD671 /* SceneDelegate.swift in Sources */,
			);
			runOnlyForDeploymentPostprocessing = 0;
		};
/* End PBXSourcesBuildPhase section */

/* Begin PBXVariantGroup section */
		87B9556623E80C3C00BFD671 /* Main.storyboard */ = {
			isa = PBXVariantGroup;
			children = (
				87B9556723E80C3C00BFD671 /* Base */,
			);
			name = Main.storyboard;
			sourceTree = "<group>";
		};
		87B9556E23E80C3D00BFD671 /* LaunchScreen.storyboard */ = {
			isa = PBXVariantGroup;
			children = (
				87B9556F23E80C3D00BFD671 /* Base */,
			);
			name = LaunchScreen.storyboard;
			sourceTree = "<group>";
		};
/* End PBXVariantGroup section */

/* Begin XCBuildConfiguration section */
		87B9557223E80C3D00BFD671 /* Debug */ = {
			isa = XCBuildConfiguration;
			buildSettings = {
				ALWAYS_SEARCH_USER_PATHS = NO;
				CLANG_ANALYZER_NONNULL = YES;
				CLANG_ANALYZER_NUMBER_OBJECT_CONVERSION = YES_AGGRESSIVE;
				CLANG_CXX_LANGUAGE_STANDARD = "gnu++14";
				CLANG_CXX_LIBRARY = "libc++";
				CLANG_ENABLE_MODULES = YES;
				CLANG_ENABLE_OBJC_ARC = YES;
				CLANG_ENABLE_OBJC_WEAK = YES;
				CLANG_WARN_BLOCK_CAPTURE_AUTORELEASING = YES;
				CLANG_WARN_BOOL_CONVERSION = YES;
				CLANG_WARN_COMMA = YES;
				CLANG_WARN_CONSTANT_CONVERSION = YES;
				CLANG_WARN_DEPRECATED_OBJC_IMPLEMENTATIONS = YES;
				CLANG_WARN_DIRECT_OBJC_ISA_USAGE = YES_ERROR;
				CLANG_WARN_DOCUMENTATION_COMMENTS = YES;
				CLANG_WARN_EMPTY_BODY = YES;
				CLANG_WARN_ENUM_CONVERSION = YES;
				CLANG_WARN_INFINITE_RECURSION = YES;
				CLANG_WARN_INT_CONVERSION = YES;
				CLANG_WARN_NON_LITERAL_NULL_CONVERSION = YES;
				CLANG_WARN_OBJC_IMPLICIT_RETAIN_SELF = YES;
				CLANG_WARN_OBJC_LITERAL_CONVERSION = YES;
				CLANG_WARN_OBJC_ROOT_CLASS = YES_ERROR;
				CLANG_WARN_RANGE_LOOP_ANALYSIS = YES;
				CLANG_WARN_STRICT_PROTOTYPES = YES;
				CLANG_WARN_SUSPICIOUS_MOVE = YES;
				CLANG_WARN_UNGUARDED_AVAILABILITY = YES_AGGRESSIVE;
				CLANG_WARN_UNREACHABLE_CODE = YES;
				CLANG_WARN__DUPLICATE_METHOD_MATCH = YES;
				COPY_PHASE_STRIP = NO;
				DEBUG_INFORMATION_FORMAT = dwarf;
				ENABLE_STRICT_OBJC_MSGSEND = YES;
				ENABLE_TESTABILITY = YES;
				GCC_C_LANGUAGE_STANDARD = gnu11;
				GCC_DYNAMIC_NO_PIC = NO;
				GCC_NO_COMMON_BLOCKS = YES;
				GCC_OPTIMIZATION_LEVEL = 0;
				GCC_PREPROCESSOR_DEFINITIONS = (
					"DEBUG=1",
					"$(inherited)",
				);
				GCC_WARN_64_TO_32_BIT_CONVERSION = YES;
				GCC_WARN_ABOUT_RETURN_TYPE = YES_ERROR;
				GCC_WARN_UNDECLARED_SELECTOR = YES;
				GCC_WARN_UNINITIALIZED_AUTOS = YES_AGGRESSIVE;
				GCC_WARN_UNUSED_FUNCTION = YES;
				GCC_WARN_UNUSED_VARIABLE = YES;
				IPHONEOS_DEPLOYMENT_TARGET = 13.0;
				MTL_ENABLE_DEBUG_INFO = INCLUDE_SOURCE;
				MTL_FAST_MATH = YES;
				ONLY_ACTIVE_ARCH = YES;
				SDKROOT = iphoneos;
				SWIFT_ACTIVE_COMPILATION_CONDITIONS = DEBUG;
				SWIFT_OPTIMIZATION_LEVEL = "-Onone";
			};
			name = Debug;
		};
		87B9557323E80C3D00BFD671 /* Release */ = {
			isa = XCBuildConfiguration;
			buildSettings = {
				ALWAYS_SEARCH_USER_PATHS = NO;
				CLANG_ANALYZER_NONNULL = YES;
				CLANG_ANALYZER_NUMBER_OBJECT_CONVERSION = YES_AGGRESSIVE;
				CLANG_CXX_LANGUAGE_STANDARD = "gnu++14";
				CLANG_CXX_LIBRARY = "libc++";
				CLANG_ENABLE_MODULES = YES;
				CLANG_ENABLE_OBJC_ARC = YES;
				CLANG_ENABLE_OBJC_WEAK = YES;
				CLANG_WARN_BLOCK_CAPTURE_AUTORELEASING = YES;
				CLANG_WARN_BOOL_CONVERSION = YES;
				CLANG_WARN_COMMA = YES;
				CLANG_WARN_CONSTANT_CONVERSION = YES;
				CLANG_WARN_DEPRECATED_OBJC_IMPLEMENTATIONS = YES;
				CLANG_WARN_DIRECT_OBJC_ISA_USAGE = YES_ERROR;
				CLANG_WARN_DOCUMENTATION_COMMENTS = YES;
				CLANG_WARN_EMPTY_BODY = YES;
				CLANG_WARN_ENUM_CONVERSION = YES;
				CLANG_WARN_INFINITE_RECURSION = YES;
				CLANG_WARN_INT_CONVERSION = YES;
				CLANG_WARN_NON_LITERAL_NULL_CONVERSION = YES;
				CLANG_WARN_OBJC_IMPLICIT_RETAIN_SELF = YES;
				CLANG_WARN_OBJC_LITERAL_CONVERSION = YES;
				CLANG_WARN_OBJC_ROOT_CLASS = YES_ERROR;
				CLANG_WARN_RANGE_LOOP_ANALYSIS = YES;
				CLANG_WARN_STRICT_PROTOTYPES = YES;
				CLANG_WARN_SUSPICIOUS_MOVE = YES;
				CLANG_WARN_UNGUARDED_AVAILABILITY = YES_AGGRESSIVE;
				CLANG_WARN_UNREACHABLE_CODE = YES;
				CLANG_WARN__DUPLICATE_METHOD_MATCH = YES;
				COPY_PHASE_STRIP = NO;
				DEBUG_INFORMATION_FORMAT = "dwarf-with-dsym";
				ENABLE_NS_ASSERTIONS = NO;
				ENABLE_STRICT_OBJC_MSGSEND = YES;
				GCC_C_LANGUAGE_STANDARD = gnu11;
				GCC_NO_COMMON_BLOCKS = YES;
				GCC_WARN_64_TO_32_BIT_CONVERSION = YES;
				GCC_WARN_ABOUT_RETURN_TYPE = YES_ERROR;
				GCC_WARN_UNDECLARED_SELECTOR = YES;
				GCC_WARN_UNINITIALIZED_AUTOS = YES_AGGRESSIVE;
				GCC_WARN_UNUSED_FUNCTION = YES;
				GCC_WARN_UNUSED_VARIABLE = YES;
				IPHONEOS_DEPLOYMENT_TARGET = 13.0;
				MTL_ENABLE_DEBUG_INFO = NO;
				MTL_FAST_MATH = YES;
				SDKROOT = iphoneos;
				SWIFT_COMPILATION_MODE = wholemodule;
				SWIFT_OPTIMIZATION_LEVEL = "-O";
				VALIDATE_PRODUCT = YES;
			};
			name = Release;
		};
		87B9557523E80C3D00BFD671 /* Debug */ = {
			isa = XCBuildConfiguration;
			buildSettings = {
				ASSETCATALOG_COMPILER_APPICON_NAME = AppIcon;
				CODE_SIGN_STYLE = Automatic;
				INFOPLIST_FILE = AttendenceApp/Info.plist;
				LD_RUNPATH_SEARCH_PATHS = (
					"$(inherited)",
					"@executable_path/Frameworks",
				);
				PRODUCT_BUNDLE_IDENTIFIER = sg.mad2.AttendenceApp;
				PRODUCT_NAME = myAttendance;
				SWIFT_VERSION = 5.0;
				TARGETED_DEVICE_FAMILY = "1,2";
			};
			name = Debug;
		};
		87B9557623E80C3D00BFD671 /* Release */ = {
			isa = XCBuildConfiguration;
			buildSettings = {
				ASSETCATALOG_COMPILER_APPICON_NAME = AppIcon;
				CODE_SIGN_STYLE = Automatic;
				INFOPLIST_FILE = AttendenceApp/Info.plist;
				LD_RUNPATH_SEARCH_PATHS = (
					"$(inherited)",
					"@executable_path/Frameworks",
				);
				PRODUCT_BUNDLE_IDENTIFIER = sg.mad2.AttendenceApp;
				PRODUCT_NAME = myAttendance;
				SWIFT_VERSION = 5.0;
				TARGETED_DEVICE_FAMILY = "1,2";
			};
			name = Release;
		};
/* End XCBuildConfiguration section */

/* Begin XCConfigurationList section */
		87B9555823E80C3C00BFD671 /* Build configuration list for PBXProject "AttendenceApp" */ = {
			isa = XCConfigurationList;
			buildConfigurations = (
				87B9557223E80C3D00BFD671 /* Debug */,
				87B9557323E80C3D00BFD671 /* Release */,
			);
			defaultConfigurationIsVisible = 0;
			defaultConfigurationName = Release;
		};
		87B9557423E80C3D00BFD671 /* Build configuration list for PBXNativeTarget "AttendenceApp" */ = {
			isa = XCConfigurationList;
			buildConfigurations = (
				87B9557523E80C3D00BFD671 /* Debug */,
				87B9557623E80C3D00BFD671 /* Release */,
			);
			defaultConfigurationIsVisible = 0;
			defaultConfigurationName = Release;
		};
/* End XCConfigurationList section */

/* Begin XCVersionGroup section */
		87B9556923E80C3C00BFD671 /* AttendenceApp.xcdatamodeld */ = {
			isa = XCVersionGroup;
			children = (
				87B9556A23E80C3C00BFD671 /* AttendenceApp.xcdatamodel */,
			);
			currentVersion = 87B9556A23E80C3C00BFD671 /* AttendenceApp.xcdatamodel */;
			path = AttendenceApp.xcdatamodeld;
			sourceTree = "<group>";
			versionGroupType = wrapper.xcdatamodel;
		};
/* End XCVersionGroup section */
	};
	rootObject = 87B9555523E80C3C00BFD671 /* Project object */;
}
